// !$*UTF8*$!
{
	archiveVersion = 1;
	classes = {
	};
	objectVersion = 46;
	objects = {

/* Begin PBXBuildFile section */
		44210AC61E1B85D500A1782A /* libresolv.tbd in Frameworks */ = {isa = PBXBuildFile; fileRef = 44210AC51E1B85D500A1782A /* libresolv.tbd */; };
		448842A51FE7A35300CA43C0 /* MMChatViewGifCell.m in Sources */ = {isa = PBXBuildFile; fileRef = 448842A41FE7A35300CA43C0 /* MMChatViewGifCell.m */; };
		CC7387861D488317002732B2 /* ChatMessage.m in Sources */ = {isa = PBXBuildFile; fileRef = CC7387851D488317002732B2 /* ChatMessage.m */; };
		CCB2662E1D2B75C900983385 /* Bugly.framework in Frameworks */ = {isa = PBXBuildFile; fileRef = CCB2662D1D2B75C900983385 /* Bugly.framework */; };
		CCB266331D2B92A600983385 /* EditTextView.m in Sources */ = {isa = PBXBuildFile; fileRef = CCB266321D2B92A600983385 /* EditTextView.m */; };
		CCC6757C1CC8B56B00A6084F /* main.m in Sources */ = {isa = PBXBuildFile; fileRef = CCC6757B1CC8B56B00A6084F /* main.m */; };
		CCC6757F1CC8B56B00A6084F /* AppDelegate.m in Sources */ = {isa = PBXBuildFile; fileRef = CCC6757E1CC8B56B00A6084F /* AppDelegate.m */; };
		CCC675851CC8B56B00A6084F /* Main.storyboard in Resources */ = {isa = PBXBuildFile; fileRef = CCC675831CC8B56B00A6084F /* Main.storyboard */; };
		CCC675871CC8B56B00A6084F /* Assets.xcassets in Resources */ = {isa = PBXBuildFile; fileRef = CCC675861CC8B56B00A6084F /* Assets.xcassets */; };
		CCC6758A1CC8B56B00A6084F /* LaunchScreen.storyboard in Resources */ = {isa = PBXBuildFile; fileRef = CCC675881CC8B56B00A6084F /* LaunchScreen.storyboard */; };
		CCC675991CC8BE3500A6084F /* MMChatViewController.m in Sources */ = {isa = PBXBuildFile; fileRef = CCC675981CC8BE3500A6084F /* MMChatViewController.m */; };
		CCC6759C1CC8BE8500A6084F /* MMChatViewBaseCell.m in Sources */ = {isa = PBXBuildFile; fileRef = CCC6759B1CC8BE8500A6084F /* MMChatViewBaseCell.m */; };
		CCC6759F1CC8BEA300A6084F /* MMChatViewTextCell.m in Sources */ = {isa = PBXBuildFile; fileRef = CCC6759E1CC8BEA300A6084F /* MMChatViewTextCell.m */; };
		CCC675A21CC8BEB900A6084F /* MMChatViewImageCell.m in Sources */ = {isa = PBXBuildFile; fileRef = CCC675A11CC8BEB900A6084F /* MMChatViewImageCell.m */; };
		CCC675B41CC8C35F00A6084F /* libc++.tbd in Frameworks */ = {isa = PBXBuildFile; fileRef = CCC675B31CC8C35F00A6084F /* libc++.tbd */; };
		CCC675B61CC8C36700A6084F /* libz.tbd in Frameworks */ = {isa = PBXBuildFile; fileRef = CCC675B51CC8C36700A6084F /* libz.tbd */; };
		CCC675B81CC8C37F00A6084F /* Security.framework in Frameworks */ = {isa = PBXBuildFile; fileRef = CCC675B71CC8C37F00A6084F /* Security.framework */; };
		CCC675BA1CC8C38600A6084F /* SystemConfiguration.framework in Frameworks */ = {isa = PBXBuildFile; fileRef = CCC675B91CC8C38600A6084F /* SystemConfiguration.framework */; };
		CCC675BD1CC9C8B300A6084F /* MMInputToolBarView.m in Sources */ = {isa = PBXBuildFile; fileRef = CCC675BC1CC9C8B300A6084F /* MMInputToolBarView.m */; };
		CCF674F9207B6FC500BBD973 /* MMTextView.m in Sources */ = {isa = PBXBuildFile; fileRef = CCF674A3207B6FC500BBD973 /* MMTextView.m */; };
		CCF674FA207B6FC500BBD973 /* MMTextAttachment.m in Sources */ = {isa = PBXBuildFile; fileRef = CCF674A4207B6FC500BBD973 /* MMTextAttachment.m */; };
		CCF674FB207B6FC500BBD973 /* MMTextParser.m in Sources */ = {isa = PBXBuildFile; fileRef = CCF674A8207B6FC500BBD973 /* MMTextParser.m */; };
		CCF674FC207B6FC500BBD973 /* MMGifManager.m in Sources */ = {isa = PBXBuildFile; fileRef = CCF674AB207B6FC500BBD973 /* MMGifManager.m */; };
		CCF674FD207B6FC500BBD973 /* MMGifCell.m in Sources */ = {isa = PBXBuildFile; fileRef = CCF674AC207B6FC500BBD973 /* MMGifCell.m */; };
		CCF674FE207B6FC500BBD973 /* NSLayoutConstraint+MASDebugAdditions.m in Sources */ = {isa = PBXBuildFile; fileRef = CCF674B2207B6FC500BBD973 /* NSLayoutConstraint+MASDebugAdditions.m */; };
		CCF674FF207B6FC500BBD973 /* ViewController+MASAdditions.m in Sources */ = {isa = PBXBuildFile; fileRef = CCF674BB207B6FC500BBD973 /* ViewController+MASAdditions.m */; };
		CCF67500207B6FC500BBD973 /* MASCompositeConstraint.m in Sources */ = {isa = PBXBuildFile; fileRef = CCF674BF207B6FC500BBD973 /* MASCompositeConstraint.m */; };
		CCF67501207B6FC500BBD973 /* MASConstraintMaker.m in Sources */ = {isa = PBXBuildFile; fileRef = CCF674C0207B6FC500BBD973 /* MASConstraintMaker.m */; };
		CCF67502207B6FC500BBD973 /* MASLayoutConstraint.m in Sources */ = {isa = PBXBuildFile; fileRef = CCF674C1207B6FC500BBD973 /* MASLayoutConstraint.m */; };
		CCF67503207B6FC500BBD973 /* NSArray+MASAdditions.m in Sources */ = {isa = PBXBuildFile; fileRef = CCF674C2207B6FC500BBD973 /* NSArray+MASAdditions.m */; };
		CCF67504207B6FC500BBD973 /* View+MASAdditions.m in Sources */ = {isa = PBXBuildFile; fileRef = CCF674C3207B6FC500BBD973 /* View+MASAdditions.m */; };
		CCF67505207B6FC500BBD973 /* MASConstraint.m in Sources */ = {isa = PBXBuildFile; fileRef = CCF674C6207B6FC500BBD973 /* MASConstraint.m */; };
		CCF67506207B6FC500BBD973 /* MASViewConstraint.m in Sources */ = {isa = PBXBuildFile; fileRef = CCF674C8207B6FC500BBD973 /* MASViewConstraint.m */; };
		CCF67507207B6FC500BBD973 /* MASViewAttribute.m in Sources */ = {isa = PBXBuildFile; fileRef = CCF674C9207B6FC500BBD973 /* MASViewAttribute.m */; };
		CCF67509207B6FC500BBD973 /* DXPopover.m in Sources */ = {isa = PBXBuildFile; fileRef = CCF674CD207B6FC500BBD973 /* DXPopover.m */; };
		CCF6750A207B6FC500BBD973 /* UIImage+WebP.m in Sources */ = {isa = PBXBuildFile; fileRef = CCF674CF207B6FC500BBD973 /* UIImage+WebP.m */; };
		CCF6750B207B6FC500BBD973 /* MKAnnotationView+WebCache.m in Sources */ = {isa = PBXBuildFile; fileRef = CCF674D0207B6FC500BBD973 /* MKAnnotationView+WebCache.m */; };
		CCF6750C207B6FC500BBD973 /* SDWebImageManager.m in Sources */ = {isa = PBXBuildFile; fileRef = CCF674D4207B6FC500BBD973 /* SDWebImageManager.m */; };
		CCF6750D207B6FC500BBD973 /* SDWebImageDecoder.m in Sources */ = {isa = PBXBuildFile; fileRef = CCF674D5207B6FC500BBD973 /* SDWebImageDecoder.m */; };
		CCF6750E207B6FC500BBD973 /* UIImageView+HighlightedWebCache.m in Sources */ = {isa = PBXBuildFile; fileRef = CCF674D7207B6FC500BBD973 /* UIImageView+HighlightedWebCache.m */; };
		CCF6750F207B6FC500BBD973 /* SDWebImageDownloader.m in Sources */ = {isa = PBXBuildFile; fileRef = CCF674DA207B6FC500BBD973 /* SDWebImageDownloader.m */; };
		CCF67510207B6FC500BBD973 /* UIImage+GIF.m in Sources */ = {isa = PBXBuildFile; fileRef = CCF674DB207B6FC500BBD973 /* UIImage+GIF.m */; };
		CCF67511207B6FC500BBD973 /* UIImage+MultiFormat.m in Sources */ = {isa = PBXBuildFile; fileRef = CCF674DD207B6FC500BBD973 /* UIImage+MultiFormat.m */; };
		CCF67512207B6FC500BBD973 /* SDWebImageCompat.m in Sources */ = {isa = PBXBuildFile; fileRef = CCF674DE207B6FC500BBD973 /* SDWebImageCompat.m */; };
		CCF67513207B6FC500BBD973 /* SDWebImagePrefetcher.m in Sources */ = {isa = PBXBuildFile; fileRef = CCF674DF207B6FC500BBD973 /* SDWebImagePrefetcher.m */; };
		CCF67514207B6FC500BBD973 /* SDImageCache.m in Sources */ = {isa = PBXBuildFile; fileRef = CCF674E4207B6FC500BBD973 /* SDImageCache.m */; };
		CCF67515207B6FC500BBD973 /* SDWebImageDownloaderOperation.m in Sources */ = {isa = PBXBuildFile; fileRef = CCF674E6207B6FC500BBD973 /* SDWebImageDownloaderOperation.m */; };
		CCF67516207B6FC500BBD973 /* NSData+ImageContentType.m in Sources */ = {isa = PBXBuildFile; fileRef = CCF674E9207B6FC500BBD973 /* NSData+ImageContentType.m */; };
		CCF67517207B6FC500BBD973 /* UIImageView+WebCache.m in Sources */ = {isa = PBXBuildFile; fileRef = CCF674EA207B6FC500BBD973 /* UIImageView+WebCache.m */; };
		CCF67518207B6FC500BBD973 /* NSImage+WebCache.m in Sources */ = {isa = PBXBuildFile; fileRef = CCF674EC207B6FC500BBD973 /* NSImage+WebCache.m */; };
		CCF67519207B6FC500BBD973 /* SDImageCacheConfig.m in Sources */ = {isa = PBXBuildFile; fileRef = CCF674EE207B6FC500BBD973 /* SDImageCacheConfig.m */; };
		CCF6751A207B6FC500BBD973 /* UIView+WebCacheOperation.m in Sources */ = {isa = PBXBuildFile; fileRef = CCF674EF207B6FC500BBD973 /* UIView+WebCacheOperation.m */; };
		CCF6751B207B6FC500BBD973 /* UIView+WebCache.m in Sources */ = {isa = PBXBuildFile; fileRef = CCF674F0207B6FC500BBD973 /* UIView+WebCache.m */; };
		CCF6751C207B6FC500BBD973 /* UIButton+WebCache.m in Sources */ = {isa = PBXBuildFile; fileRef = CCF674F4207B6FC500BBD973 /* UIButton+WebCache.m */; };
		CCF6751D207B6FC500BBD973 /* BQMM.framework in Frameworks */ = {isa = PBXBuildFile; fileRef = CCF674F7207B6FC500BBD973 /* BQMM.framework */; };
		CCF6751E207B6FC500BBD973 /* BQMM.bundle in Resources */ = {isa = PBXBuildFile; fileRef = CCF674F8207B6FC500BBD973 /* BQMM.bundle */; };
/* End PBXBuildFile section */

/* Begin PBXFileReference section */
		44210AC51E1B85D500A1782A /* libresolv.tbd */ = {isa = PBXFileReference; lastKnownFileType = "sourcecode.text-based-dylib-definition"; name = libresolv.tbd; path = usr/lib/libresolv.tbd; sourceTree = SDKROOT; };
		448842A41FE7A35300CA43C0 /* MMChatViewGifCell.m */ = {isa = PBXFileReference; lastKnownFileType = sourcecode.c.objc; path = MMChatViewGifCell.m; sourceTree = "<group>"; };
		448842A61FE7A36A00CA43C0 /* MMChatViewGifCell.h */ = {isa = PBXFileReference; lastKnownFileType = sourcecode.c.h; path = MMChatViewGifCell.h; sourceTree = "<group>"; };
		CC7387841D488317002732B2 /* ChatMessage.h */ = {isa = PBXFileReference; fileEncoding = 4; lastKnownFileType = sourcecode.c.h; path = ChatMessage.h; sourceTree = "<group>"; };
		CC7387851D488317002732B2 /* ChatMessage.m */ = {isa = PBXFileReference; fileEncoding = 4; lastKnownFileType = sourcecode.c.objc; path = ChatMessage.m; sourceTree = "<group>"; };
		CCB2662D1D2B75C900983385 /* Bugly.framework */ = {isa = PBXFileReference; lastKnownFileType = wrapper.framework; path = Bugly.framework; sourceTree = "<group>"; };
		CCB266311D2B92A600983385 /* EditTextView.h */ = {isa = PBXFileReference; fileEncoding = 4; lastKnownFileType = sourcecode.c.h; path = EditTextView.h; sourceTree = "<group>"; };
		CCB266321D2B92A600983385 /* EditTextView.m */ = {isa = PBXFileReference; fileEncoding = 4; lastKnownFileType = sourcecode.c.objc; path = EditTextView.m; sourceTree = "<group>"; };
		CCC675771CC8B56B00A6084F /* IMDemo.app */ = {isa = PBXFileReference; explicitFileType = wrapper.application; includeInIndex = 0; path = IMDemo.app; sourceTree = BUILT_PRODUCTS_DIR; };
		CCC6757B1CC8B56B00A6084F /* main.m */ = {isa = PBXFileReference; lastKnownFileType = sourcecode.c.objc; path = main.m; sourceTree = "<group>"; };
		CCC6757D1CC8B56B00A6084F /* AppDelegate.h */ = {isa = PBXFileReference; lastKnownFileType = sourcecode.c.h; path = AppDelegate.h; sourceTree = "<group>"; };
		CCC6757E1CC8B56B00A6084F /* AppDelegate.m */ = {isa = PBXFileReference; lastKnownFileType = sourcecode.c.objc; path = AppDelegate.m; sourceTree = "<group>"; };
		CCC675841CC8B56B00A6084F /* Base */ = {isa = PBXFileReference; lastKnownFileType = file.storyboard; name = Base; path = Base.lproj/Main.storyboard; sourceTree = "<group>"; };
		CCC675861CC8B56B00A6084F /* Assets.xcassets */ = {isa = PBXFileReference; lastKnownFileType = folder.assetcatalog; path = Assets.xcassets; sourceTree = "<group>"; };
		CCC675891CC8B56B00A6084F /* Base */ = {isa = PBXFileReference; lastKnownFileType = file.storyboard; name = Base; path = Base.lproj/LaunchScreen.storyboard; sourceTree = "<group>"; };
		CCC6758B1CC8B56B00A6084F /* Info.plist */ = {isa = PBXFileReference; lastKnownFileType = text.plist.xml; path = Info.plist; sourceTree = "<group>"; };
		CCC675971CC8BE3500A6084F /* MMChatViewController.h */ = {isa = PBXFileReference; fileEncoding = 4; lastKnownFileType = sourcecode.c.h; path = MMChatViewController.h; sourceTree = "<group>"; };
		CCC675981CC8BE3500A6084F /* MMChatViewController.m */ = {isa = PBXFileReference; fileEncoding = 4; lastKnownFileType = sourcecode.c.objc; path = MMChatViewController.m; sourceTree = "<group>"; };
		CCC6759A1CC8BE8500A6084F /* MMChatViewBaseCell.h */ = {isa = PBXFileReference; fileEncoding = 4; lastKnownFileType = sourcecode.c.h; path = MMChatViewBaseCell.h; sourceTree = "<group>"; };
		CCC6759B1CC8BE8500A6084F /* MMChatViewBaseCell.m */ = {isa = PBXFileReference; fileEncoding = 4; lastKnownFileType = sourcecode.c.objc; path = MMChatViewBaseCell.m; sourceTree = "<group>"; };
		CCC6759D1CC8BEA300A6084F /* MMChatViewTextCell.h */ = {isa = PBXFileReference; fileEncoding = 4; lastKnownFileType = sourcecode.c.h; path = MMChatViewTextCell.h; sourceTree = "<group>"; };
		CCC6759E1CC8BEA300A6084F /* MMChatViewTextCell.m */ = {isa = PBXFileReference; fileEncoding = 4; lastKnownFileType = sourcecode.c.objc; path = MMChatViewTextCell.m; sourceTree = "<group>"; };
		CCC675A01CC8BEB900A6084F /* MMChatViewImageCell.h */ = {isa = PBXFileReference; fileEncoding = 4; lastKnownFileType = sourcecode.c.h; path = MMChatViewImageCell.h; sourceTree = "<group>"; };
		CCC675A11CC8BEB900A6084F /* MMChatViewImageCell.m */ = {isa = PBXFileReference; fileEncoding = 4; lastKnownFileType = sourcecode.c.objc; path = MMChatViewImageCell.m; sourceTree = "<group>"; };
		CCC675B31CC8C35F00A6084F /* libc++.tbd */ = {isa = PBXFileReference; lastKnownFileType = "sourcecode.text-based-dylib-definition"; name = "libc++.tbd"; path = "usr/lib/libc++.tbd"; sourceTree = SDKROOT; };
		CCC675B51CC8C36700A6084F /* libz.tbd */ = {isa = PBXFileReference; lastKnownFileType = "sourcecode.text-based-dylib-definition"; name = libz.tbd; path = usr/lib/libz.tbd; sourceTree = SDKROOT; };
		CCC675B71CC8C37F00A6084F /* Security.framework */ = {isa = PBXFileReference; lastKnownFileType = wrapper.framework; name = Security.framework; path = System/Library/Frameworks/Security.framework; sourceTree = SDKROOT; };
		CCC675B91CC8C38600A6084F /* SystemConfiguration.framework */ = {isa = PBXFileReference; lastKnownFileType = wrapper.framework; name = SystemConfiguration.framework; path = System/Library/Frameworks/SystemConfiguration.framework; sourceTree = SDKROOT; };
		CCC675BB1CC9C8B300A6084F /* MMInputToolBarView.h */ = {isa = PBXFileReference; fileEncoding = 4; lastKnownFileType = sourcecode.c.h; path = MMInputToolBarView.h; sourceTree = "<group>"; };
		CCC675BC1CC9C8B300A6084F /* MMInputToolBarView.m */ = {isa = PBXFileReference; fileEncoding = 4; lastKnownFileType = sourcecode.c.objc; path = MMInputToolBarView.m; sourceTree = "<group>"; };
		CCF674A3207B6FC500BBD973 /* MMTextView.m */ = {isa = PBXFileReference; fileEncoding = 4; lastKnownFileType = sourcecode.c.objc; path = MMTextView.m; sourceTree = "<group>"; };
		CCF674A4207B6FC500BBD973 /* MMTextAttachment.m */ = {isa = PBXFileReference; fileEncoding = 4; lastKnownFileType = sourcecode.c.objc; path = MMTextAttachment.m; sourceTree = "<group>"; };
		CCF674A5207B6FC500BBD973 /* MMTextParser.h */ = {isa = PBXFileReference; fileEncoding = 4; lastKnownFileType = sourcecode.c.h; path = MMTextParser.h; sourceTree = "<group>"; };
		CCF674A6207B6FC500BBD973 /* MMTextView.h */ = {isa = PBXFileReference; fileEncoding = 4; lastKnownFileType = sourcecode.c.h; path = MMTextView.h; sourceTree = "<group>"; };
		CCF674A7207B6FC500BBD973 /* MMTextAttachment.h */ = {isa = PBXFileReference; fileEncoding = 4; lastKnownFileType = sourcecode.c.h; path = MMTextAttachment.h; sourceTree = "<group>"; };
		CCF674A8207B6FC500BBD973 /* MMTextParser.m */ = {isa = PBXFileReference; fileEncoding = 4; lastKnownFileType = sourcecode.c.objc; path = MMTextParser.m; sourceTree = "<group>"; };
		CCF674AA207B6FC500BBD973 /* MMGifCell.h */ = {isa = PBXFileReference; fileEncoding = 4; lastKnownFileType = sourcecode.c.h; path = MMGifCell.h; sourceTree = "<group>"; };
		CCF674AB207B6FC500BBD973 /* MMGifManager.m */ = {isa = PBXFileReference; fileEncoding = 4; lastKnownFileType = sourcecode.c.objc; path = MMGifManager.m; sourceTree = "<group>"; };
		CCF674AC207B6FC500BBD973 /* MMGifCell.m */ = {isa = PBXFileReference; fileEncoding = 4; lastKnownFileType = sourcecode.c.objc; path = MMGifCell.m; sourceTree = "<group>"; };
		CCF674AD207B6FC500BBD973 /* MMGifManager.h */ = {isa = PBXFileReference; fileEncoding = 4; lastKnownFileType = sourcecode.c.h; path = MMGifManager.h; sourceTree = "<group>"; };
		CCF674B1207B6FC500BBD973 /* MASCompositeConstraint.h */ = {isa = PBXFileReference; fileEncoding = 4; lastKnownFileType = sourcecode.c.h; path = MASCompositeConstraint.h; sourceTree = "<group>"; };
		CCF674B2207B6FC500BBD973 /* NSLayoutConstraint+MASDebugAdditions.m */ = {isa = PBXFileReference; fileEncoding = 4; lastKnownFileType = sourcecode.c.objc; path = "NSLayoutConstraint+MASDebugAdditions.m"; sourceTree = "<group>"; };
		CCF674B3207B6FC500BBD973 /* MASConstraint+Private.h */ = {isa = PBXFileReference; fileEncoding = 4; lastKnownFileType = sourcecode.c.h; path = "MASConstraint+Private.h"; sourceTree = "<group>"; };
		CCF674B4207B6FC500BBD973 /* MASLayoutConstraint.h */ = {isa = PBXFileReference; fileEncoding = 4; lastKnownFileType = sourcecode.c.h; path = MASLayoutConstraint.h; sourceTree = "<group>"; };
		CCF674B5207B6FC500BBD973 /* NSArray+MASShorthandAdditions.h */ = {isa = PBXFileReference; fileEncoding = 4; lastKnownFileType = sourcecode.c.h; path = "NSArray+MASShorthandAdditions.h"; sourceTree = "<group>"; };
		CCF674B6207B6FC500BBD973 /* MASConstraintMaker.h */ = {isa = PBXFileReference; fileEncoding = 4; lastKnownFileType = sourcecode.c.h; path = MASConstraintMaker.h; sourceTree = "<group>"; };
		CCF674B7207B6FC500BBD973 /* View+MASAdditions.h */ = {isa = PBXFileReference; fileEncoding = 4; lastKnownFileType = sourcecode.c.h; path = "View+MASAdditions.h"; sourceTree = "<group>"; };
		CCF674B8207B6FC500BBD973 /* NSArray+MASAdditions.h */ = {isa = PBXFileReference; fileEncoding = 4; lastKnownFileType = sourcecode.c.h; path = "NSArray+MASAdditions.h"; sourceTree = "<group>"; };
		CCF674B9207B6FC500BBD973 /* MASUtilities.h */ = {isa = PBXFileReference; fileEncoding = 4; lastKnownFileType = sourcecode.c.h; path = MASUtilities.h; sourceTree = "<group>"; };
		CCF674BA207B6FC500BBD973 /* MASViewAttribute.h */ = {isa = PBXFileReference; fileEncoding = 4; lastKnownFileType = sourcecode.c.h; path = MASViewAttribute.h; sourceTree = "<group>"; };
		CCF674BB207B6FC500BBD973 /* ViewController+MASAdditions.m */ = {isa = PBXFileReference; fileEncoding = 4; lastKnownFileType = sourcecode.c.objc; path = "ViewController+MASAdditions.m"; sourceTree = "<group>"; };
		CCF674BC207B6FC500BBD973 /* MASViewConstraint.h */ = {isa = PBXFileReference; fileEncoding = 4; lastKnownFileType = sourcecode.c.h; path = MASViewConstraint.h; sourceTree = "<group>"; };
		CCF674BD207B6FC500BBD973 /* MASConstraint.h */ = {isa = PBXFileReference; fileEncoding = 4; lastKnownFileType = sourcecode.c.h; path = MASConstraint.h; sourceTree = "<group>"; };
		CCF674BE207B6FC500BBD973 /* NSLayoutConstraint+MASDebugAdditions.h */ = {isa = PBXFileReference; fileEncoding = 4; lastKnownFileType = sourcecode.c.h; path = "NSLayoutConstraint+MASDebugAdditions.h"; sourceTree = "<group>"; };
		CCF674BF207B6FC500BBD973 /* MASCompositeConstraint.m */ = {isa = PBXFileReference; fileEncoding = 4; lastKnownFileType = sourcecode.c.objc; path = MASCompositeConstraint.m; sourceTree = "<group>"; };
		CCF674C0207B6FC500BBD973 /* MASConstraintMaker.m */ = {isa = PBXFileReference; fileEncoding = 4; lastKnownFileType = sourcecode.c.objc; path = MASConstraintMaker.m; sourceTree = "<group>"; };
		CCF674C1207B6FC500BBD973 /* MASLayoutConstraint.m */ = {isa = PBXFileReference; fileEncoding = 4; lastKnownFileType = sourcecode.c.objc; path = MASLayoutConstraint.m; sourceTree = "<group>"; };
		CCF674C2207B6FC500BBD973 /* NSArray+MASAdditions.m */ = {isa = PBXFileReference; fileEncoding = 4; lastKnownFileType = sourcecode.c.objc; path = "NSArray+MASAdditions.m"; sourceTree = "<group>"; };
		CCF674C3207B6FC500BBD973 /* View+MASAdditions.m */ = {isa = PBXFileReference; fileEncoding = 4; lastKnownFileType = sourcecode.c.objc; path = "View+MASAdditions.m"; sourceTree = "<group>"; };
		CCF674C4207B6FC500BBD973 /* View+MASShorthandAdditions.h */ = {isa = PBXFileReference; fileEncoding = 4; lastKnownFileType = sourcecode.c.h; path = "View+MASShorthandAdditions.h"; sourceTree = "<group>"; };
		CCF674C5207B6FC500BBD973 /* Masonry.h */ = {isa = PBXFileReference; fileEncoding = 4; lastKnownFileType = sourcecode.c.h; path = Masonry.h; sourceTree = "<group>"; };
		CCF674C6207B6FC500BBD973 /* MASConstraint.m */ = {isa = PBXFileReference; fileEncoding = 4; lastKnownFileType = sourcecode.c.objc; path = MASConstraint.m; sourceTree = "<group>"; };
		CCF674C7207B6FC500BBD973 /* ViewController+MASAdditions.h */ = {isa = PBXFileReference; fileEncoding = 4; lastKnownFileType = sourcecode.c.h; path = "ViewController+MASAdditions.h"; sourceTree = "<group>"; };
		CCF674C8207B6FC500BBD973 /* MASViewConstraint.m */ = {isa = PBXFileReference; fileEncoding = 4; lastKnownFileType = sourcecode.c.objc; path = MASViewConstraint.m; sourceTree = "<group>"; };
		CCF674C9207B6FC500BBD973 /* MASViewAttribute.m */ = {isa = PBXFileReference; fileEncoding = 4; lastKnownFileType = sourcecode.c.objc; path = MASViewAttribute.m; sourceTree = "<group>"; };
		CCF674CA207B6FC500BBD973 /* Info.plist */ = {isa = PBXFileReference; fileEncoding = 4; lastKnownFileType = text.plist.xml; path = Info.plist; sourceTree = "<group>"; };
		CCF674CC207B6FC500BBD973 /* DXPopover.h */ = {isa = PBXFileReference; fileEncoding = 4; lastKnownFileType = sourcecode.c.h; path = DXPopover.h; sourceTree = "<group>"; };
		CCF674CD207B6FC500BBD973 /* DXPopover.m */ = {isa = PBXFileReference; fileEncoding = 4; lastKnownFileType = sourcecode.c.objc; path = DXPopover.m; sourceTree = "<group>"; };
		CCF674CF207B6FC500BBD973 /* UIImage+WebP.m */ = {isa = PBXFileReference; fileEncoding = 4; lastKnownFileType = sourcecode.c.objc; path = "UIImage+WebP.m"; sourceTree = "<group>"; };
		CCF674D0207B6FC500BBD973 /* MKAnnotationView+WebCache.m */ = {isa = PBXFileReference; fileEncoding = 4; lastKnownFileType = sourcecode.c.objc; path = "MKAnnotationView+WebCache.m"; sourceTree = "<group>"; };
		CCF674D1207B6FC500BBD973 /* NSImage+WebCache.h */ = {isa = PBXFileReference; fileEncoding = 4; lastKnownFileType = sourcecode.c.h; path = "NSImage+WebCache.h"; sourceTree = "<group>"; };
		CCF674D2207B6FC500BBD973 /* UIImageView+WebCache.h */ = {isa = PBXFileReference; fileEncoding = 4; lastKnownFileType = sourcecode.c.h; path = "UIImageView+WebCache.h"; sourceTree = "<group>"; };
		CCF674D3207B6FC500BBD973 /* NSData+ImageContentType.h */ = {isa = PBXFileReference; fileEncoding = 4; lastKnownFileType = sourcecode.c.h; path = "NSData+ImageContentType.h"; sourceTree = "<group>"; };
		CCF674D4207B6FC500BBD973 /* SDWebImageManager.m */ = {isa = PBXFileReference; fileEncoding = 4; lastKnownFileType = sourcecode.c.objc; path = SDWebImageManager.m; sourceTree = "<group>"; };
		CCF674D5207B6FC500BBD973 /* SDWebImageDecoder.m */ = {isa = PBXFileReference; fileEncoding = 4; lastKnownFileType = sourcecode.c.objc; path = SDWebImageDecoder.m; sourceTree = "<group>"; };
		CCF674D6207B6FC500BBD973 /* SDWebImageDownloaderOperation.h */ = {isa = PBXFileReference; fileEncoding = 4; lastKnownFileType = sourcecode.c.h; path = SDWebImageDownloaderOperation.h; sourceTree = "<group>"; };
		CCF674D7207B6FC500BBD973 /* UIImageView+HighlightedWebCache.m */ = {isa = PBXFileReference; fileEncoding = 4; lastKnownFileType = sourcecode.c.objc; path = "UIImageView+HighlightedWebCache.m"; sourceTree = "<group>"; };
		CCF674D8207B6FC500BBD973 /* SDImageCache.h */ = {isa = PBXFileReference; fileEncoding = 4; lastKnownFileType = sourcecode.c.h; path = SDImageCache.h; sourceTree = "<group>"; };
		CCF674D9207B6FC500BBD973 /* SDImageCacheConfig.h */ = {isa = PBXFileReference; fileEncoding = 4; lastKnownFileType = sourcecode.c.h; path = SDImageCacheConfig.h; sourceTree = "<group>"; };
		CCF674DA207B6FC500BBD973 /* SDWebImageDownloader.m */ = {isa = PBXFileReference; fileEncoding = 4; lastKnownFileType = sourcecode.c.objc; path = SDWebImageDownloader.m; sourceTree = "<group>"; };
		CCF674DB207B6FC500BBD973 /* UIImage+GIF.m */ = {isa = PBXFileReference; fileEncoding = 4; lastKnownFileType = sourcecode.c.objc; path = "UIImage+GIF.m"; sourceTree = "<group>"; };
		CCF674DC207B6FC500BBD973 /* UIButton+WebCache.h */ = {isa = PBXFileReference; fileEncoding = 4; lastKnownFileType = sourcecode.c.h; path = "UIButton+WebCache.h"; sourceTree = "<group>"; };
		CCF674DD207B6FC500BBD973 /* UIImage+MultiFormat.m */ = {isa = PBXFileReference; fileEncoding = 4; lastKnownFileType = sourcecode.c.objc; path = "UIImage+MultiFormat.m"; sourceTree = "<group>"; };
		CCF674DE207B6FC500BBD973 /* SDWebImageCompat.m */ = {isa = PBXFileReference; fileEncoding = 4; lastKnownFileType = sourcecode.c.objc; path = SDWebImageCompat.m; sourceTree = "<group>"; };
		CCF674DF207B6FC500BBD973 /* SDWebImagePrefetcher.m */ = {isa = PBXFileReference; fileEncoding = 4; lastKnownFileType = sourcecode.c.objc; path = SDWebImagePrefetcher.m; sourceTree = "<group>"; };
		CCF674E0207B6FC500BBD973 /* UIView+WebCache.h */ = {isa = PBXFileReference; fileEncoding = 4; lastKnownFileType = sourcecode.c.h; path = "UIView+WebCache.h"; sourceTree = "<group>"; };
		CCF674E1207B6FC500BBD973 /* UIView+WebCacheOperation.h */ = {isa = PBXFileReference; fileEncoding = 4; lastKnownFileType = sourcecode.c.h; path = "UIView+WebCacheOperation.h"; sourceTree = "<group>"; };
		CCF674E2207B6FC500BBD973 /* MKAnnotationView+WebCache.h */ = {isa = PBXFileReference; fileEncoding = 4; lastKnownFileType = sourcecode.c.h; path = "MKAnnotationView+WebCache.h"; sourceTree = "<group>"; };
		CCF674E3207B6FC500BBD973 /* UIImage+WebP.h */ = {isa = PBXFileReference; fileEncoding = 4; lastKnownFileType = sourcecode.c.h; path = "UIImage+WebP.h"; sourceTree = "<group>"; };
		CCF674E4207B6FC500BBD973 /* SDImageCache.m */ = {isa = PBXFileReference; fileEncoding = 4; lastKnownFileType = sourcecode.c.objc; path = SDImageCache.m; sourceTree = "<group>"; };
		CCF674E5207B6FC500BBD973 /* UIImageView+HighlightedWebCache.h */ = {isa = PBXFileReference; fileEncoding = 4; lastKnownFileType = sourcecode.c.h; path = "UIImageView+HighlightedWebCache.h"; sourceTree = "<group>"; };
		CCF674E6207B6FC500BBD973 /* SDWebImageDownloaderOperation.m */ = {isa = PBXFileReference; fileEncoding = 4; lastKnownFileType = sourcecode.c.objc; path = SDWebImageDownloaderOperation.m; sourceTree = "<group>"; };
		CCF674E7207B6FC500BBD973 /* SDWebImageDecoder.h */ = {isa = PBXFileReference; fileEncoding = 4; lastKnownFileType = sourcecode.c.h; path = SDWebImageDecoder.h; sourceTree = "<group>"; };
		CCF674E8207B6FC500BBD973 /* SDWebImageManager.h */ = {isa = PBXFileReference; fileEncoding = 4; lastKnownFileType = sourcecode.c.h; path = SDWebImageManager.h; sourceTree = "<group>"; };
		CCF674E9207B6FC500BBD973 /* NSData+ImageContentType.m */ = {isa = PBXFileReference; fileEncoding = 4; lastKnownFileType = sourcecode.c.objc; path = "NSData+ImageContentType.m"; sourceTree = "<group>"; };
		CCF674EA207B6FC500BBD973 /* UIImageView+WebCache.m */ = {isa = PBXFileReference; fileEncoding = 4; lastKnownFileType = sourcecode.c.objc; path = "UIImageView+WebCache.m"; sourceTree = "<group>"; };
		CCF674EB207B6FC500BBD973 /* SDWebImageOperation.h */ = {isa = PBXFileReference; fileEncoding = 4; lastKnownFileType = sourcecode.c.h; path = SDWebImageOperation.h; sourceTree = "<group>"; };
		CCF674EC207B6FC500BBD973 /* NSImage+WebCache.m */ = {isa = PBXFileReference; fileEncoding = 4; lastKnownFileType = sourcecode.c.objc; path = "NSImage+WebCache.m"; sourceTree = "<group>"; };
		CCF674ED207B6FC500BBD973 /* SDWebImageDownloader.h */ = {isa = PBXFileReference; fileEncoding = 4; lastKnownFileType = sourcecode.c.h; path = SDWebImageDownloader.h; sourceTree = "<group>"; };
		CCF674EE207B6FC500BBD973 /* SDImageCacheConfig.m */ = {isa = PBXFileReference; fileEncoding = 4; lastKnownFileType = sourcecode.c.objc; path = SDImageCacheConfig.m; sourceTree = "<group>"; };
		CCF674EF207B6FC500BBD973 /* UIView+WebCacheOperation.m */ = {isa = PBXFileReference; fileEncoding = 4; lastKnownFileType = sourcecode.c.objc; path = "UIView+WebCacheOperation.m"; sourceTree = "<group>"; };
		CCF674F0207B6FC500BBD973 /* UIView+WebCache.m */ = {isa = PBXFileReference; fileEncoding = 4; lastKnownFileType = sourcecode.c.objc; path = "UIView+WebCache.m"; sourceTree = "<group>"; };
		CCF674F1207B6FC500BBD973 /* SDWebImagePrefetcher.h */ = {isa = PBXFileReference; fileEncoding = 4; lastKnownFileType = sourcecode.c.h; path = SDWebImagePrefetcher.h; sourceTree = "<group>"; };
		CCF674F2207B6FC500BBD973 /* SDWebImageCompat.h */ = {isa = PBXFileReference; fileEncoding = 4; lastKnownFileType = sourcecode.c.h; path = SDWebImageCompat.h; sourceTree = "<group>"; };
		CCF674F3207B6FC500BBD973 /* UIImage+MultiFormat.h */ = {isa = PBXFileReference; fileEncoding = 4; lastKnownFileType = sourcecode.c.h; path = "UIImage+MultiFormat.h"; sourceTree = "<group>"; };
		CCF674F4207B6FC500BBD973 /* UIButton+WebCache.m */ = {isa = PBXFileReference; fileEncoding = 4; lastKnownFileType = sourcecode.c.objc; path = "UIButton+WebCache.m"; sourceTree = "<group>"; };
		CCF674F5207B6FC500BBD973 /* UIImage+GIF.h */ = {isa = PBXFileReference; fileEncoding = 4; lastKnownFileType = sourcecode.c.h; path = "UIImage+GIF.h"; sourceTree = "<group>"; };
		CCF674F7207B6FC500BBD973 /* BQMM.framework */ = {isa = PBXFileReference; lastKnownFileType = wrapper.framework; path = BQMM.framework; sourceTree = "<group>"; };
		CCF674F8207B6FC500BBD973 /* BQMM.bundle */ = {isa = PBXFileReference; lastKnownFileType = "wrapper.plug-in"; path = BQMM.bundle; sourceTree = "<group>"; };
/* End PBXFileReference section */

/* Begin PBXFrameworksBuildPhase section */
		CCC675741CC8B56B00A6084F /* Frameworks */ = {
			isa = PBXFrameworksBuildPhase;
			buildActionMask = 2147483647;
			files = (
				44210AC61E1B85D500A1782A /* libresolv.tbd in Frameworks */,
				CCF6751D207B6FC500BBD973 /* BQMM.framework in Frameworks */,
				CCC675B81CC8C37F00A6084F /* Security.framework in Frameworks */,
				CCC675BA1CC8C38600A6084F /* SystemConfiguration.framework in Frameworks */,
				CCB2662E1D2B75C900983385 /* Bugly.framework in Frameworks */,
				CCC675B61CC8C36700A6084F /* libz.tbd in Frameworks */,
				CCC675B41CC8C35F00A6084F /* libc++.tbd in Frameworks */,
			);
			runOnlyForDeploymentPostprocessing = 0;
		};
/* End PBXFrameworksBuildPhase section */

/* Begin PBXGroup section */
		44210AC41E1B85D500A1782A /* Frameworks */ = {
			isa = PBXGroup;
			children = (
				44210AC51E1B85D500A1782A /* libresolv.tbd */,
			);
			name = Frameworks;
			sourceTree = "<group>";
		};
		CCB2662C1D2B75C900983385 /* Bugly */ = {
			isa = PBXGroup;
			children = (
				CCB2662D1D2B75C900983385 /* Bugly.framework */,
			);
			path = Bugly;
			sourceTree = "<group>";
		};
		CCC6756E1CC8B56B00A6084F = {
			isa = PBXGroup;
			children = (
				CCC675B91CC8C38600A6084F /* SystemConfiguration.framework */,
				CCC675B71CC8C37F00A6084F /* Security.framework */,
				CCC675B51CC8C36700A6084F /* libz.tbd */,
				CCC675B31CC8C35F00A6084F /* libc++.tbd */,
				CCC675791CC8B56B00A6084F /* IMDemo */,
				CCC675781CC8B56B00A6084F /* Products */,
				44210AC41E1B85D500A1782A /* Frameworks */,
			);
			sourceTree = "<group>";
		};
		CCC675781CC8B56B00A6084F /* Products */ = {
			isa = PBXGroup;
			children = (
				CCC675771CC8B56B00A6084F /* IMDemo.app */,
			);
			name = Products;
			sourceTree = "<group>";
		};
		CCC675791CC8B56B00A6084F /* IMDemo */ = {
			isa = PBXGroup;
			children = (
				CCC675A31CC8C31000A6084F /* Framework */,
				CCC675911CC8B5BD00A6084F /* Model */,
				CCC675921CC8B5BD00A6084F /* View */,
				CCC675931CC8B5BD00A6084F /* ViewController */,
				CCC6757D1CC8B56B00A6084F /* AppDelegate.h */,
				CCC6757E1CC8B56B00A6084F /* AppDelegate.m */,
				CCC675831CC8B56B00A6084F /* Main.storyboard */,
				CCC675861CC8B56B00A6084F /* Assets.xcassets */,
				CCC675881CC8B56B00A6084F /* LaunchScreen.storyboard */,
				CCC6758B1CC8B56B00A6084F /* Info.plist */,
				CCC6757A1CC8B56B00A6084F /* Supporting Files */,
			);
			path = IMDemo;
			sourceTree = "<group>";
		};
		CCC6757A1CC8B56B00A6084F /* Supporting Files */ = {
			isa = PBXGroup;
			children = (
				CCC6757B1CC8B56B00A6084F /* main.m */,
			);
			name = "Supporting Files";
			sourceTree = "<group>";
		};
		CCC675911CC8B5BD00A6084F /* Model */ = {
			isa = PBXGroup;
			children = (
				CC7387841D488317002732B2 /* ChatMessage.h */,
				CC7387851D488317002732B2 /* ChatMessage.m */,
			);
			path = Model;
			sourceTree = "<group>";
		};
		CCC675921CC8B5BD00A6084F /* View */ = {
			isa = PBXGroup;
			children = (
				CCC6759A1CC8BE8500A6084F /* MMChatViewBaseCell.h */,
				CCC6759B1CC8BE8500A6084F /* MMChatViewBaseCell.m */,
				CCC6759D1CC8BEA300A6084F /* MMChatViewTextCell.h */,
				CCC6759E1CC8BEA300A6084F /* MMChatViewTextCell.m */,
				CCC675A01CC8BEB900A6084F /* MMChatViewImageCell.h */,
				CCC675A11CC8BEB900A6084F /* MMChatViewImageCell.m */,
				448842A61FE7A36A00CA43C0 /* MMChatViewGifCell.h */,
				448842A41FE7A35300CA43C0 /* MMChatViewGifCell.m */,
				CCC675BB1CC9C8B300A6084F /* MMInputToolBarView.h */,
				CCC675BC1CC9C8B300A6084F /* MMInputToolBarView.m */,
				CCB266311D2B92A600983385 /* EditTextView.h */,
				CCB266321D2B92A600983385 /* EditTextView.m */,
			);
			path = View;
			sourceTree = "<group>";
		};
		CCC675931CC8B5BD00A6084F /* ViewController */ = {
			isa = PBXGroup;
			children = (
				CCC675971CC8BE3500A6084F /* MMChatViewController.h */,
				CCC675981CC8BE3500A6084F /* MMChatViewController.m */,
			);
			path = ViewController;
			sourceTree = "<group>";
		};
		CCC675A31CC8C31000A6084F /* Framework */ = {
			isa = PBXGroup;
			children = (
				CCF674A1207B6FC500BBD973 /* Debug_BQMM_SDK */,
				CCB2662C1D2B75C900983385 /* Bugly */,
			);
			path = Framework;
			sourceTree = "<group>";
		};
		CCF674A1207B6FC500BBD973 /* Debug_BQMM_SDK */ = {
			isa = PBXGroup;
			children = (
				CCF674A2207B6FC500BBD973 /* BQMM_EXT */,
				CCF674A9207B6FC500BBD973 /* BQMM_GIF */,
				CCF674F6207B6FC500BBD973 /* BQMM */,
			);
			path = Debug_BQMM_SDK;
			sourceTree = "<group>";
		};
		CCF674A2207B6FC500BBD973 /* BQMM_EXT */ = {
			isa = PBXGroup;
			children = (
				CCF674A3207B6FC500BBD973 /* MMTextView.m */,
				CCF674A4207B6FC500BBD973 /* MMTextAttachment.m */,
				CCF674A5207B6FC500BBD973 /* MMTextParser.h */,
				CCF674A6207B6FC500BBD973 /* MMTextView.h */,
				CCF674A7207B6FC500BBD973 /* MMTextAttachment.h */,
				CCF674A8207B6FC500BBD973 /* MMTextParser.m */,
			);
			path = BQMM_EXT;
			sourceTree = "<group>";
		};
		CCF674A9207B6FC500BBD973 /* BQMM_GIF */ = {
			isa = PBXGroup;
			children = (
				CCF674AA207B6FC500BBD973 /* MMGifCell.h */,
				CCF674AB207B6FC500BBD973 /* MMGifManager.m */,
				CCF674AC207B6FC500BBD973 /* MMGifCell.m */,
				CCF674AD207B6FC500BBD973 /* MMGifManager.h */,
				CCF674AE207B6FC500BBD973 /* vendor */,
			);
			path = BQMM_GIF;
			sourceTree = "<group>";
		};
		CCF674AE207B6FC500BBD973 /* vendor */ = {
			isa = PBXGroup;
			children = (
				CCF674AF207B6FC500BBD973 /* SDWebImage_3.8.2 */,
				CCF674B0207B6FC500BBD973 /* Masonry */,
				CCF674CB207B6FC500BBD973 /* DXPopover */,
				CCF674CE207B6FC500BBD973 /* SDWebImage */,
			);
			path = vendor;
			sourceTree = "<group>";
		};
		CCF674AF207B6FC500BBD973 /* SDWebImage_3.8.2 */ = {
			isa = PBXGroup;
			children = (
			);
			path = SDWebImage_3.8.2;
			sourceTree = "<group>";
		};
		CCF674B0207B6FC500BBD973 /* Masonry */ = {
			isa = PBXGroup;
			children = (
				CCF674B1207B6FC500BBD973 /* MASCompositeConstraint.h */,
				CCF674B2207B6FC500BBD973 /* NSLayoutConstraint+MASDebugAdditions.m */,
				CCF674B3207B6FC500BBD973 /* MASConstraint+Private.h */,
				CCF674B4207B6FC500BBD973 /* MASLayoutConstraint.h */,
				CCF674B5207B6FC500BBD973 /* NSArray+MASShorthandAdditions.h */,
				CCF674B6207B6FC500BBD973 /* MASConstraintMaker.h */,
				CCF674B7207B6FC500BBD973 /* View+MASAdditions.h */,
				CCF674B8207B6FC500BBD973 /* NSArray+MASAdditions.h */,
				CCF674B9207B6FC500BBD973 /* MASUtilities.h */,
				CCF674BA207B6FC500BBD973 /* MASViewAttribute.h */,
				CCF674BB207B6FC500BBD973 /* ViewController+MASAdditions.m */,
				CCF674BC207B6FC500BBD973 /* MASViewConstraint.h */,
				CCF674BD207B6FC500BBD973 /* MASConstraint.h */,
				CCF674BE207B6FC500BBD973 /* NSLayoutConstraint+MASDebugAdditions.h */,
				CCF674BF207B6FC500BBD973 /* MASCompositeConstraint.m */,
				CCF674C0207B6FC500BBD973 /* MASConstraintMaker.m */,
				CCF674C1207B6FC500BBD973 /* MASLayoutConstraint.m */,
				CCF674C2207B6FC500BBD973 /* NSArray+MASAdditions.m */,
				CCF674C3207B6FC500BBD973 /* View+MASAdditions.m */,
				CCF674C4207B6FC500BBD973 /* View+MASShorthandAdditions.h */,
				CCF674C5207B6FC500BBD973 /* Masonry.h */,
				CCF674C6207B6FC500BBD973 /* MASConstraint.m */,
				CCF674C7207B6FC500BBD973 /* ViewController+MASAdditions.h */,
				CCF674C8207B6FC500BBD973 /* MASViewConstraint.m */,
				CCF674C9207B6FC500BBD973 /* MASViewAttribute.m */,
				CCF674CA207B6FC500BBD973 /* Info.plist */,
			);
			path = Masonry;
			sourceTree = "<group>";
		};
		CCF674CB207B6FC500BBD973 /* DXPopover */ = {
			isa = PBXGroup;
			children = (
				CCF674CC207B6FC500BBD973 /* DXPopover.h */,
				CCF674CD207B6FC500BBD973 /* DXPopover.m */,
			);
			path = DXPopover;
			sourceTree = "<group>";
		};
		CCF674CE207B6FC500BBD973 /* SDWebImage */ = {
			isa = PBXGroup;
			children = (
				CCF674CF207B6FC500BBD973 /* UIImage+WebP.m */,
				CCF674D0207B6FC500BBD973 /* MKAnnotationView+WebCache.m */,
				CCF674D1207B6FC500BBD973 /* NSImage+WebCache.h */,
				CCF674D2207B6FC500BBD973 /* UIImageView+WebCache.h */,
				CCF674D3207B6FC500BBD973 /* NSData+ImageContentType.h */,
				CCF674D4207B6FC500BBD973 /* SDWebImageManager.m */,
				CCF674D5207B6FC500BBD973 /* SDWebImageDecoder.m */,
				CCF674D6207B6FC500BBD973 /* SDWebImageDownloaderOperation.h */,
				CCF674D7207B6FC500BBD973 /* UIImageView+HighlightedWebCache.m */,
				CCF674D8207B6FC500BBD973 /* SDImageCache.h */,
				CCF674D9207B6FC500BBD973 /* SDImageCacheConfig.h */,
				CCF674DA207B6FC500BBD973 /* SDWebImageDownloader.m */,
				CCF674DB207B6FC500BBD973 /* UIImage+GIF.m */,
				CCF674DC207B6FC500BBD973 /* UIButton+WebCache.h */,
				CCF674DD207B6FC500BBD973 /* UIImage+MultiFormat.m */,
				CCF674DE207B6FC500BBD973 /* SDWebImageCompat.m */,
				CCF674DF207B6FC500BBD973 /* SDWebImagePrefetcher.m */,
				CCF674E0207B6FC500BBD973 /* UIView+WebCache.h */,
				CCF674E1207B6FC500BBD973 /* UIView+WebCacheOperation.h */,
				CCF674E2207B6FC500BBD973 /* MKAnnotationView+WebCache.h */,
				CCF674E3207B6FC500BBD973 /* UIImage+WebP.h */,
				CCF674E4207B6FC500BBD973 /* SDImageCache.m */,
				CCF674E5207B6FC500BBD973 /* UIImageView+HighlightedWebCache.h */,
				CCF674E6207B6FC500BBD973 /* SDWebImageDownloaderOperation.m */,
				CCF674E7207B6FC500BBD973 /* SDWebImageDecoder.h */,
				CCF674E8207B6FC500BBD973 /* SDWebImageManager.h */,
				CCF674E9207B6FC500BBD973 /* NSData+ImageContentType.m */,
				CCF674EA207B6FC500BBD973 /* UIImageView+WebCache.m */,
				CCF674EB207B6FC500BBD973 /* SDWebImageOperation.h */,
				CCF674EC207B6FC500BBD973 /* NSImage+WebCache.m */,
				CCF674ED207B6FC500BBD973 /* SDWebImageDownloader.h */,
				CCF674EE207B6FC500BBD973 /* SDImageCacheConfig.m */,
				CCF674EF207B6FC500BBD973 /* UIView+WebCacheOperation.m */,
				CCF674F0207B6FC500BBD973 /* UIView+WebCache.m */,
				CCF674F1207B6FC500BBD973 /* SDWebImagePrefetcher.h */,
				CCF674F2207B6FC500BBD973 /* SDWebImageCompat.h */,
				CCF674F3207B6FC500BBD973 /* UIImage+MultiFormat.h */,
				CCF674F4207B6FC500BBD973 /* UIButton+WebCache.m */,
				CCF674F5207B6FC500BBD973 /* UIImage+GIF.h */,
			);
			path = SDWebImage;
			sourceTree = "<group>";
		};
		CCF674F6207B6FC500BBD973 /* BQMM */ = {
			isa = PBXGroup;
			children = (
				CCF674F7207B6FC500BBD973 /* BQMM.framework */,
				CCF674F8207B6FC500BBD973 /* BQMM.bundle */,
			);
			path = BQMM;
			sourceTree = "<group>";
		};
/* End PBXGroup section */

/* Begin PBXNativeTarget section */
		CCC675761CC8B56B00A6084F /* IMDemo */ = {
			isa = PBXNativeTarget;
			buildConfigurationList = CCC6758E1CC8B56B00A6084F /* Build configuration list for PBXNativeTarget "IMDemo" */;
			buildPhases = (
				CCC675731CC8B56B00A6084F /* Sources */,
				CCC675741CC8B56B00A6084F /* Frameworks */,
				CCC675751CC8B56B00A6084F /* Resources */,
				CCB2662F1D2B766300983385 /* ShellScript */,
			);
			buildRules = (
			);
			dependencies = (
			);
			name = IMDemo;
			productName = IMDemo;
			productReference = CCC675771CC8B56B00A6084F /* IMDemo.app */;
			productType = "com.apple.product-type.application";
		};
/* End PBXNativeTarget section */

/* Begin PBXProject section */
		CCC6756F1CC8B56B00A6084F /* Project object */ = {
			isa = PBXProject;
			attributes = {
				LastUpgradeCheck = 0730;
				ORGANIZATIONNAME = siyanhui;
				TargetAttributes = {
					CCC675761CC8B56B00A6084F = {
						CreatedOnToolsVersion = 7.3;
						DevelopmentTeam = HY2JF7VN6E;
					};
				};
			};
			buildConfigurationList = CCC675721CC8B56B00A6084F /* Build configuration list for PBXProject "IMDemo" */;
			compatibilityVersion = "Xcode 3.2";
			developmentRegion = English;
			hasScannedForEncodings = 0;
			knownRegions = (
				en,
				Base,
			);
			mainGroup = CCC6756E1CC8B56B00A6084F;
			productRefGroup = CCC675781CC8B56B00A6084F /* Products */;
			projectDirPath = "";
			projectRoot = "";
			targets = (
				CCC675761CC8B56B00A6084F /* IMDemo */,
			);
		};
/* End PBXProject section */

/* Begin PBXResourcesBuildPhase section */
		CCC675751CC8B56B00A6084F /* Resources */ = {
			isa = PBXResourcesBuildPhase;
			buildActionMask = 2147483647;
			files = (
				CCF6751E207B6FC500BBD973 /* BQMM.bundle in Resources */,
				CCC6758A1CC8B56B00A6084F /* LaunchScreen.storyboard in Resources */,
				CCC675871CC8B56B00A6084F /* Assets.xcassets in Resources */,
				CCC675851CC8B56B00A6084F /* Main.storyboard in Resources */,
			);
			runOnlyForDeploymentPostprocessing = 0;
		};
/* End PBXResourcesBuildPhase section */

/* Begin PBXShellScriptBuildPhase section */
		CCB2662F1D2B766300983385 /* ShellScript */ = {
			isa = PBXShellScriptBuildPhase;
			buildActionMask = 2147483647;
			files = (
			);
			inputPaths = (
			);
			outputPaths = (
			);
			runOnlyForDeploymentPostprocessing = 0;
			shellPath = /bin/sh;
			shellScript = "#!/bin/sh\n# Copyright 2014-2015 Bugly @Tencent. All rights reserved.\n#\n# V 1.1\n#\n################################################################################\n# 注意: 请配置下面的信息\n################################################################################\nBUGLY_APP_ID=\"900037281\"\nBUGLY_APP_KEY=\"IQ822nthPhWg3LTv\"\nBUNDLE_IDENTIFIER=\"com.siyanhui.IMDemo\"\n################################################################################\n# 自定义配置\n################################################################################\n# Debug模式编译是否上传，1＝上传 0＝不上传，默认不上传\nUPLOAD_DEBUG_SYMBOLS=0\n#\n# 模拟器编译是否上传，1=上传 0=不上传，默认不上传\nUPLOAD_SIMULATOR_SYMBOLS=0\n#\n# # 脚本默认配置的版本格式为CFBundleShortVersionString(CFBundleVersion),  如果你修改默认的版本格式, 请设置此变量, 如果不想修改, 请忽略此设置\n# CUSTOMIZED_APP_VERSION=\"\"\n#\n#\n#\n# This script will extract symbols from the .dSYM and generate .symbol file(Bugly supported) and upload to server.\n# You could visit http://bugly.qq.com to get more details about Bugly.\n#\n# Usage:\n#   * The instructions assume you have copyed this script into your project int Xcode.\n#   * Copy the \"buglySymbolIOS.jar\" file into the \"~/bin\" folder.\n#   * Open the project editor, select your build target.\n#   * Click \"Build Phases\" at the top of the project editor.\n#   * Click \"+\" button in the top left corner and select \"New Run Script Phase\".\n#   * Click \"Run Script\".\n#   * Paste the following script into the dark text box. You will have to uncomment the lines (remove the #) of course.\n#\n# --- SCRIPT BEGINS ON NEXT LINE, COPY AND EDIT FROM THERE ---\n#\n#\n#\n# --- END OF SCRIPT ---\n\n\n################################################################################\n# 注意: 如果你不知道此脚本的执行流程和用法，请不要随便修改！\n################################################################################\n\n# 退出执行并打印提示信息\nexitWithMessage() {\n    echo \"--------------------------------\"\n    echo -e \"${1}\"\n    echo \"--------------------------------\"\n    echo \"No upload and exit.\"\n    echo \"----------------------------------------------------------------\"\n    exit ${2}\n}\n\necho \"----------------------------------------------------------------\"\necho \"Copyright 2014-2015 Bugly @Tencent. All rights reserved.\"\n\necho \"This script will extract symbols from the .dSYM file and generate .symbol file(Bugly supported) and upload to server.\"\necho \"You could visit http://bugly.qq.com to get more details about Bugly.\"\necho \"----------------------------------------------------------------\"\n\necho \"Uploading dSYM to Bugly.\"\necho \"\"\n\n# Bugly服务域名\nDSYM_UPLOAD_DOMAIN=\"bugly.qq.com\"\n\n# 读取Info.plist文件中的版本信息\necho \"Info.Plist : ${INFOPLIST_FILE}\"\n\nBUNDLE_VERSION=$(/usr/libexec/PlistBuddy -c 'Print CFBundleVersion' \"${INFOPLIST_FILE}\")\nBUNDLE_SHORT_VERSION=$(/usr/libexec/PlistBuddy -c 'Print CFBundleShortVersionString' \"${INFOPLIST_FILE}\")\n\n# 组装Bugly默认识别的版本信息(格式为CFBundleShortVersionString(CFBundleVersion), 例如: 1.0(1))\nif [ ! \"${CUSTOMIZED_APP_VERSION}\" ]; then\nBUGLY_APP_VERSION=\"${BUNDLE_SHORT_VERSION}(${BUNDLE_VERSION})\"\nelse\nBUGLY_APP_VERSION=\"${CUSTOMIZED_APP_VERSION}\"\nfi\n\n# Bugly符号提取工具路径, 请确保buglySymboliOS.jar的路径是正确的\nBUGLY_SYMBOL_JAR_PATH=\"${SRCROOT}/dsymtool/buglySymboliOS.jar\"\nif [ ! -f \"${BUGLY_SYMBOL_JAR_PATH}\" ]; then\nBUGLY_SYMBOL_JAR_PATH=\"$HOME/bin/buglySymboliOS.jar\"\nfi\n\necho \"--------------------------------\"\necho \"Step 1: Prepare application information.\"\necho \"--------------------------------\"\n\necho \"Product Name: ${PRODUCT_NAME}\"\necho \"Bundle Identifier: ${BUNDLE_IDENTIFIER}\"\necho \"Version: ${BUNDLE_SHORT_VERSION}\"\necho \"Build: ${BUNDLE_VERSION}\"\n\necho \"Bugly App ID: ${BUGLY_APP_ID}\"\necho \"Bugly App key: ${BUGLY_APP_KEY}\"\necho \"Bugly App Version: ${BUGLY_APP_VERSION}\"\n\necho \"--------------------------------\"\necho \"Step 2: Check the arguments ...\"\n\n##检查模拟器编译是否允许上传符号\nif [ \"$EFFECTIVE_PLATFORM_NAME\" == \"-iphonesimulator\" ]; then\nif [ $UPLOAD_SIMULATOR_SYMBOLS -eq 0 ]; then\nexitWithMessage \"Warning: Build for simulator and skipping to upload. \\nYou can modify 'UPLOAD_SIMULATOR_SYMBOLS' to 1 in the script.\" 0\nfi\nfi\n\n##检查是否是Release模式编译\nif [ \"${CONFIGURATION=}\" == \"Debug\" ]; then\nif [ $UPLOAD_DEBUG_SYMBOLS -eq 0 ]; then\nexitWithMessage \"Warning: Build for debug mode and skipping to upload. \\nYou can modify 'UPLOAD_DEBUG_SYMBOLS' to 1 in the script.\" 0\nfi\nfi\n\n##检查是否Archive操作\nif [ $UPLOAD_ARCHIVE_ONLY -eq 1 ]; then\nif [[ \"$TARGET_BUILD_DIR\" == *\"/Archive\"* ]]; then\necho \"Archive the package\"\nelse\nexitWithMessage \"Warning: Build for NOT Archive mode and skipping to upload. \\nYou can modify 'UPLOAD_ARCHIVE_ONLY' to 0 in the script.\" 0\nfi\nfi\n\n# 检查必须参数是否设置\nif [ ! \"${BUGLY_APP_ID}\" ]; then\nexitWithMessage \"Error: Bugly App ID not defined. Please set 'BUGLY_APP_ID' \" 0\nfi\nif [[ \"${BUGLY_APP_ID}\" == *\"App ID\"* ]]; then\nexitWithMessage \"Error: Bugly App ID not defined.\" 0\nfi\n\nif [ ! \"${BUGLY_APP_KEY}\" ]; then\nexitWithMessage \"Error: Bugly APP Key not defined.\" 0\nfi\n\nif [ ! \"${BUNDLE_IDENTIFIER}\" ]; then\nexitWithMessage \"Error: Bundle Identifier not defined.\" 0\nfi\n\nfunction uploadDSYM {\n    DSYM_SRC=\"$1\"\n    echo \".dSYM file: ${DSYM_SRC}\"\n    if [ ! -d \"$DSYM_SRC\" ]; then\n    exitWithMessage \"dSYM source not found: ${DSYM_SRC}\" 0\n    fi\n    DSYM_FILE_NAME=${DSYM_SRC##*/}\n        DSYM_SYMBOL_OUT_ZIP_NAME=\"${DSYM_FILE_NAME}.bSymbol.zip\"\n        # 替换空格\n        DSYM_SYMBOL_OUT_ZIP_NAME=\"${DSYM_SYMBOL_OUT_ZIP_NAME// /_}\"\n        \n        # 声明符号表临时目录和备份目录\n        DSYM_ZIP_OUT_DIR=${BUILD_DIR}/BuglySymbolsTemp\n        DSYM_SYMBOL_BACKUP_DIR=${BUILD_DIR}/BuglySymbolsBackup\n        \n        if [ ! -e \"${DSYM_ZIP_OUT_DIR}\" ]; then\n        mkdir ${DSYM_ZIP_OUT_DIR}\n        fi\n        \n        if [ ! -e \"${DSYM_SYMBOL_BACKUP_DIR}\" ]; then\n        mkdir ${DSYM_SYMBOL_BACKUP_DIR}\n        fi\n        \n        # 备份并清理\n        find ${DSYM_ZIP_OUT_DIR} -name \"*.bSymbol.zip\" -print0 | xargs -0 -I {} mv {} ${DSYM_SYMBOL_BACKUP_DIR}\n        /bin/rm -rf \"${DSYM_ZIP_OUT_DIR}/*.bSymbol.zip\"\n        \n        DSYM_ZIP_FPATH=\"${DSYM_ZIP_OUT_DIR}/${DSYM_SYMBOL_OUT_ZIP_NAME}\"\n        \n        # 提取符号信息\n        echo \"--------------------------------\"\n        echo \"Step 3: Extract symbol info from .dSYM file. to ${DSYM_ZIP_FPATH}\"\n        \n        if [ ! -f \"$BUGLY_SYMBOL_JAR_PATH\" ]; then\n        exitWithMessage \"Error: Jar file '${BUGLY_SYMBOL_JAR_PATH}' was not found. \\nPlease copy the jar file into ~/bin folder.\" 1\n        fi\n        \n        echo \"--------------------------------\"\n        (/usr/bin/java -jar \"${BUGLY_SYMBOL_JAR_PATH}\" -i \"${DSYM_SRC}\" -o \"${DSYM_ZIP_FPATH}\" ) || exitWithMessage \"Error: Failed to extract symbols.\" 1\n        echo \"--------------------------------\"\n        \n        if [ ! -e \"${DSYM_ZIP_FPATH}\" ]; then\n        DSYM_SYMBOL_OUT_ZIP_NAME=$(ls ${DSYM_ZIP_OUT_DIR} | grep \".bSymbol.zip\")\n        DSYM_ZIP_FPATH=\"${DSYM_ZIP_OUT_DIR}/${DSYM_SYMBOL_OUT_ZIP_NAME}\"\n        DSYM_SYMBOL_OUT_ZIP_NAME=${DSYM_SYMBOL_OUT_ZIP_NAME//&/_}\n            fi\n            \n            if [ ! -e \"${DSYM_ZIP_FPATH}\" ] ; then\n            exitWithMessage \"no symbol file zip archive generated: ${DSYM_ZIP_FPATH}\" 0\n            fi\n            \n            echo \"Step 4: Upload the symbols of dSYM.\"\n            echo \"--------------------------------\"\n            echo \"zip : ${DSYM_SYMBOL_OUT_ZIP_NAME}\"\n            echo \"dir : ${DSYM_ZIP_FPATH}\"\n            \n            echo \"dSYM upload domain: ${DSYM_UPLOAD_DOMAIN}\"\n            DSYM_UPLOAD_URL=\"http://${DSYM_UPLOAD_DOMAIN}/upload/dsym?app=${BUGLY_APP_ID}&pid=2&ver=${BUGLY_APP_VERSION}&n=${DSYM_SYMBOL_OUT_ZIP_NAME}&key=${BUGLY_APP_KEY}&bid=${BUNDLE_IDENTIFIER}\"\n            echo \"dSYM upload url: ${DSYM_UPLOAD_URL}\"\n            \n            # Upload dSYM to Bugly\n            echo \"curl --header \"Content-Type:application/zip\" --data-binary \"@${DSYM_ZIP_FPATH}\" \"${DSYM_UPLOAD_URL}\" --verbose\"\n            \n            echo \"--------------------------------\"\n            STATUS=$(/usr/bin/curl --header \"Content-Type:application/zip\" --data-binary \"@${DSYM_ZIP_FPATH}\" \"${DSYM_UPLOAD_URL}\" --verbose)\n            echo \"--------------------------------\"\n            \n            UPLOAD_RESULT=\"FAILTURE\"\n            echo \"Bugly server response: ${STATUS}\"\n            if [ ! \"${STATUS}\" ]; then\n            echo \"Error: Failed to upload the zip archive file.\"\n            elif [[ \"${STATUS}\" == *\":true\"* ]]; then\n            echo \"Success to upload the dSYM for the app [${BUNDLE_IDENTIFIER} ${BUGLY_APP_VERSION}]\"\n            UPLOAD_RESULT=\"SUCCESS\"\n            else\n            echo \"Error: Failed to upload the zip archive file to Bugly.\"\n            fi\n            \n            #Remove temp dSYM archive\n            echo \"Remove temporary zip archive: ${DSYM_ZIP_FPATH}\"\n            #/bin/rm -f \"${DSYM_ZIP_FPATH}\"\n            \n            if [ \"$?\" -ne 0 ]; then\n            exitWithMessage \"Error: Failed to remove temporary zip archive.\" 0\n            fi\n            \n            echo \"--------------------------------\"\n            echo \"${UPLOAD_RESULT} - dSYM upload complete.\"\n            \n            if [[ \"${UPLOAD_RESULT}\" == \"FAILTURE\" ]]; then\n            echo \"--------------------------------\"\n            echo \"Failed to upload the dSYM\"\n            echo \"Please check the script and try it again.\"\n            fi\n            \n            echo \"----------------------------------------------------------------\"\n        }\n        \n        # .dSYM文件信息\n        \n        DSYM_FOLDER=\"${DWARF_DSYM_FOLDER_PATH}\"\n        IFS=$'\\n'\n        \n        echo \"Scaning dSYM FOLDER: ${DSYM_FOLDER} ...\"\n        RET=\"F\"\n        \n        for dsymFile in $(find \"$DSYM_FOLDER\" -name '*.dSYM'); do\n        RET=\"T\"\n        echo \"Found dSYM file: $dsymFile\"\n        uploadDSYM $dsymFile\n        done\n        \n        if [ $RET = \"F\" ]; then\n        exitWithMessage \"No .dSYM found in ${DSYM_FOLDER}\" 0\n        fi";
		};
/* End PBXShellScriptBuildPhase section */

/* Begin PBXSourcesBuildPhase section */
		CCC675731CC8B56B00A6084F /* Sources */ = {
			isa = PBXSourcesBuildPhase;
			buildActionMask = 2147483647;
			files = (
				CCF6751A207B6FC500BBD973 /* UIView+WebCacheOperation.m in Sources */,
				CCF67510207B6FC500BBD973 /* UIImage+GIF.m in Sources */,
				CCC675A21CC8BEB900A6084F /* MMChatViewImageCell.m in Sources */,
				CCF67517207B6FC500BBD973 /* UIImageView+WebCache.m in Sources */,
				CCF6750A207B6FC500BBD973 /* UIImage+WebP.m in Sources */,
				CCF67509207B6FC500BBD973 /* DXPopover.m in Sources */,
				CCC6759C1CC8BE8500A6084F /* MMChatViewBaseCell.m in Sources */,
				CCF6751C207B6FC500BBD973 /* UIButton+WebCache.m in Sources */,
				CCC6759F1CC8BEA300A6084F /* MMChatViewTextCell.m in Sources */,
				CCF674FD207B6FC500BBD973 /* MMGifCell.m in Sources */,
				CCF67500207B6FC500BBD973 /* MASCompositeConstraint.m in Sources */,
				CCF67511207B6FC500BBD973 /* UIImage+MultiFormat.m in Sources */,
				CCF67513207B6FC500BBD973 /* SDWebImagePrefetcher.m in Sources */,
				CCF674FB207B6FC500BBD973 /* MMTextParser.m in Sources */,
				CCF67505207B6FC500BBD973 /* MASConstraint.m in Sources */,
				CCF67518207B6FC500BBD973 /* NSImage+WebCache.m in Sources */,
				CCF67504207B6FC500BBD973 /* View+MASAdditions.m in Sources */,
				CCF67512207B6FC500BBD973 /* SDWebImageCompat.m in Sources */,
				CCB266331D2B92A600983385 /* EditTextView.m in Sources */,
				448842A51FE7A35300CA43C0 /* MMChatViewGifCell.m in Sources */,
				CCF67516207B6FC500BBD973 /* NSData+ImageContentType.m in Sources */,
				CCF67507207B6FC500BBD973 /* MASViewAttribute.m in Sources */,
				CCF674FE207B6FC500BBD973 /* NSLayoutConstraint+MASDebugAdditions.m in Sources */,
				CCF6751B207B6FC500BBD973 /* UIView+WebCache.m in Sources */,
				CCF67514207B6FC500BBD973 /* SDImageCache.m in Sources */,
				CCF674F9207B6FC500BBD973 /* MMTextView.m in Sources */,
				CCC675BD1CC9C8B300A6084F /* MMInputToolBarView.m in Sources */,
				CCC6757F1CC8B56B00A6084F /* AppDelegate.m in Sources */,
				CCF67515207B6FC500BBD973 /* SDWebImageDownloaderOperation.m in Sources */,
				CCF67502207B6FC500BBD973 /* MASLayoutConstraint.m in Sources */,
				CCF67506207B6FC500BBD973 /* MASViewConstraint.m in Sources */,
				CC7387861D488317002732B2 /* ChatMessage.m in Sources */,
				CCF67503207B6FC500BBD973 /* NSArray+MASAdditions.m in Sources */,
				CCF6750C207B6FC500BBD973 /* SDWebImageManager.m in Sources */,
				CCF67519207B6FC500BBD973 /* SDImageCacheConfig.m in Sources */,
				CCF6750D207B6FC500BBD973 /* SDWebImageDecoder.m in Sources */,
				CCF674FA207B6FC500BBD973 /* MMTextAttachment.m in Sources */,
				CCF6750F207B6FC500BBD973 /* SDWebImageDownloader.m in Sources */,
				CCF67501207B6FC500BBD973 /* MASConstraintMaker.m in Sources */,
				CCC6757C1CC8B56B00A6084F /* main.m in Sources */,
				CCF674FC207B6FC500BBD973 /* MMGifManager.m in Sources */,
				CCF6750B207B6FC500BBD973 /* MKAnnotationView+WebCache.m in Sources */,
				CCF6750E207B6FC500BBD973 /* UIImageView+HighlightedWebCache.m in Sources */,
				CCF674FF207B6FC500BBD973 /* ViewController+MASAdditions.m in Sources */,
				CCC675991CC8BE3500A6084F /* MMChatViewController.m in Sources */,
			);
			runOnlyForDeploymentPostprocessing = 0;
		};
/* End PBXSourcesBuildPhase section */

/* Begin PBXVariantGroup section */
		CCC675831CC8B56B00A6084F /* Main.storyboard */ = {
			isa = PBXVariantGroup;
			children = (
				CCC675841CC8B56B00A6084F /* Base */,
			);
			name = Main.storyboard;
			sourceTree = "<group>";
		};
		CCC675881CC8B56B00A6084F /* LaunchScreen.storyboard */ = {
			isa = PBXVariantGroup;
			children = (
				CCC675891CC8B56B00A6084F /* Base */,
			);
			name = LaunchScreen.storyboard;
			sourceTree = "<group>";
		};
/* End PBXVariantGroup section */

/* Begin XCBuildConfiguration section */
		CCC6758C1CC8B56B00A6084F /* Debug */ = {
			isa = XCBuildConfiguration;
			buildSettings = {
				ALWAYS_SEARCH_USER_PATHS = NO;
				CLANG_ANALYZER_NONNULL = YES;
				CLANG_CXX_LANGUAGE_STANDARD = "gnu++0x";
				CLANG_CXX_LIBRARY = "libc++";
				CLANG_ENABLE_MODULES = YES;
				CLANG_ENABLE_OBJC_ARC = YES;
				CLANG_WARN_BOOL_CONVERSION = YES;
				CLANG_WARN_CONSTANT_CONVERSION = YES;
				CLANG_WARN_DIRECT_OBJC_ISA_USAGE = YES_ERROR;
				CLANG_WARN_EMPTY_BODY = YES;
				CLANG_WARN_ENUM_CONVERSION = YES;
				CLANG_WARN_INT_CONVERSION = YES;
				CLANG_WARN_OBJC_ROOT_CLASS = YES_ERROR;
				CLANG_WARN_UNREACHABLE_CODE = YES;
				CLANG_WARN__DUPLICATE_METHOD_MATCH = YES;
				"CODE_SIGN_IDENTITY[sdk=iphoneos*]" = "iPhone Developer";
				COPY_PHASE_STRIP = NO;
				DEBUG_INFORMATION_FORMAT = dwarf;
				ENABLE_STRICT_OBJC_MSGSEND = YES;
				ENABLE_TESTABILITY = YES;
				GCC_C_LANGUAGE_STANDARD = gnu99;
				GCC_DYNAMIC_NO_PIC = NO;
				GCC_NO_COMMON_BLOCKS = YES;
				GCC_OPTIMIZATION_LEVEL = 0;
				GCC_PREPROCESSOR_DEFINITIONS = (
					"DEBUG=1",
					"$(inherited)",
				);
				GCC_WARN_64_TO_32_BIT_CONVERSION = YES;
				GCC_WARN_ABOUT_RETURN_TYPE = YES_ERROR;
				GCC_WARN_UNDECLARED_SELECTOR = YES;
				GCC_WARN_UNINITIALIZED_AUTOS = YES_AGGRESSIVE;
				GCC_WARN_UNUSED_FUNCTION = YES;
				GCC_WARN_UNUSED_VARIABLE = YES;
				IPHONEOS_DEPLOYMENT_TARGET = 9.3;
				MTL_ENABLE_DEBUG_INFO = YES;
				ONLY_ACTIVE_ARCH = YES;
				SDKROOT = iphoneos;
			};
			name = Debug;
		};
		CCC6758D1CC8B56B00A6084F /* Release */ = {
			isa = XCBuildConfiguration;
			buildSettings = {
				ALWAYS_SEARCH_USER_PATHS = NO;
				CLANG_ANALYZER_NONNULL = YES;
				CLANG_CXX_LANGUAGE_STANDARD = "gnu++0x";
				CLANG_CXX_LIBRARY = "libc++";
				CLANG_ENABLE_MODULES = YES;
				CLANG_ENABLE_OBJC_ARC = YES;
				CLANG_WARN_BOOL_CONVERSION = YES;
				CLANG_WARN_CONSTANT_CONVERSION = YES;
				CLANG_WARN_DIRECT_OBJC_ISA_USAGE = YES_ERROR;
				CLANG_WARN_EMPTY_BODY = YES;
				CLANG_WARN_ENUM_CONVERSION = YES;
				CLANG_WARN_INT_CONVERSION = YES;
				CLANG_WARN_OBJC_ROOT_CLASS = YES_ERROR;
				CLANG_WARN_UNREACHABLE_CODE = YES;
				CLANG_WARN__DUPLICATE_METHOD_MATCH = YES;
				"CODE_SIGN_IDENTITY[sdk=iphoneos*]" = "iPhone Developer";
				COPY_PHASE_STRIP = NO;
				DEBUG_INFORMATION_FORMAT = "dwarf-with-dsym";
				ENABLE_NS_ASSERTIONS = NO;
				ENABLE_STRICT_OBJC_MSGSEND = YES;
				GCC_C_LANGUAGE_STANDARD = gnu99;
				GCC_NO_COMMON_BLOCKS = YES;
				GCC_WARN_64_TO_32_BIT_CONVERSION = YES;
				GCC_WARN_ABOUT_RETURN_TYPE = YES_ERROR;
				GCC_WARN_UNDECLARED_SELECTOR = YES;
				GCC_WARN_UNINITIALIZED_AUTOS = YES_AGGRESSIVE;
				GCC_WARN_UNUSED_FUNCTION = YES;
				GCC_WARN_UNUSED_VARIABLE = YES;
				IPHONEOS_DEPLOYMENT_TARGET = 9.3;
				MTL_ENABLE_DEBUG_INFO = NO;
				SDKROOT = iphoneos;
				VALIDATE_PRODUCT = YES;
			};
			name = Release;
		};
		CCC6758F1CC8B56B00A6084F /* Debug */ = {
			isa = XCBuildConfiguration;
			buildSettings = {
				ASSETCATALOG_COMPILER_APPICON_NAME = AppIcon;
				BITCODE_GENERATION_MODE = bitcode;
				CODE_SIGN_IDENTITY = "iPhone Developer";
				DEBUG_INFORMATION_FORMAT = "dwarf-with-dsym";
				ENABLE_BITCODE = YES;
				FRAMEWORK_SEARCH_PATHS = (
					"$(inherited)",
					"$(PROJECT_DIR)/IMDemo/Framework/BQMM_SDK",
					"$(PROJECT_DIR)/IMDemo/Framework/Bugly",
					"$(PROJECT_DIR)/IMDemo/Framework/BQMM_SDK/BQMM",
					"$(PROJECT_DIR)/IMDemo/Framework/Debug_BQMM_SDK/BQMM",
				);
				INFOPLIST_FILE = IMDemo/Info.plist;
				IPHONEOS_DEPLOYMENT_TARGET = 8.0;
				LD_RUNPATH_SEARCH_PATHS = "$(inherited) @executable_path/Frameworks";
				ONLY_ACTIVE_ARCH = NO;
				PRODUCT_BUNDLE_IDENTIFIER = com.siyanhui.IMDemo;
				PRODUCT_NAME = "$(TARGET_NAME)";
			};
			name = Debug;
		};
		CCC675901CC8B56B00A6084F /* Release */ = {
			isa = XCBuildConfiguration;
			buildSettings = {
				ASSETCATALOG_COMPILER_APPICON_NAME = AppIcon;
				BITCODE_GENERATION_MODE = bitcode;
				CODE_SIGN_IDENTITY = "iPhone Developer";
				ENABLE_BITCODE = YES;
				FRAMEWORK_SEARCH_PATHS = (
					"$(inherited)",
					"$(PROJECT_DIR)/IMDemo/Framework/BQMM_SDK",
					"$(PROJECT_DIR)/IMDemo/Framework/Bugly",
					"$(PROJECT_DIR)/IMDemo/Framework/BQMM_SDK/BQMM",
					"$(PROJECT_DIR)/IMDemo/Framework/Debug_BQMM_SDK/BQMM",
				);
				INFOPLIST_FILE = IMDemo/Info.plist;
				IPHONEOS_DEPLOYMENT_TARGET = 8.0;
				LD_RUNPATH_SEARCH_PATHS = "$(inherited) @executable_path/Frameworks";
				PRODUCT_BUNDLE_IDENTIFIER = com.siyanhui.IMDemo;
				PRODUCT_NAME = "$(TARGET_NAME)";
			};
			name = Release;
		};
/* End XCBuildConfiguration section */

/* Begin XCConfigurationList section */
		CCC675721CC8B56B00A6084F /* Build configuration list for PBXProject "IMDemo" */ = {
			isa = XCConfigurationList;
			buildConfigurations = (
				CCC6758C1CC8B56B00A6084F /* Debug */,
				CCC6758D1CC8B56B00A6084F /* Release */,
			);
			defaultConfigurationIsVisible = 0;
			defaultConfigurationName = Release;
		};
		CCC6758E1CC8B56B00A6084F /* Build configuration list for PBXNativeTarget "IMDemo" */ = {
			isa = XCConfigurationList;
			buildConfigurations = (
				CCC6758F1CC8B56B00A6084F /* Debug */,
				CCC675901CC8B56B00A6084F /* Release */,
			);
			defaultConfigurationIsVisible = 0;
			defaultConfigurationName = Release;
		};
/* End XCConfigurationList section */
	};
	rootObject = CCC6756F1CC8B56B00A6084F /* Project object */;
}
